// !$*UTF8*$!
{
	archiveVersion = 1;
	classes = {
	};
	objectVersion = 56;
	objects = {

/* Begin PBXBuildFile section */
		2D5809A429068A3500B777D6 /* Priority_TrackerTests.swift in Sources */ = {isa = PBXBuildFile; fileRef = 2D5809A329068A3500B777D6 /* Priority_TrackerTests.swift */; };
		2D5809AE29068A3500B777D6 /* Priority_TrackerUITests.swift in Sources */ = {isa = PBXBuildFile; fileRef = 2D5809AD29068A3500B777D6 /* Priority_TrackerUITests.swift */; };
		2D5809B029068A3500B777D6 /* Priority_TrackerUITestsLaunchTests.swift in Sources */ = {isa = PBXBuildFile; fileRef = 2D5809AF29068A3500B777D6 /* Priority_TrackerUITestsLaunchTests.swift */; };
		2D5809C929068A5F00B777D6 /* TextEditorWithPlaceholder.swift in Sources */ = {isa = PBXBuildFile; fileRef = 2D5809BC29068A5F00B777D6 /* TextEditorWithPlaceholder.swift */; };
		2D5809CA29068A5F00B777D6 /* Colors.swift in Sources */ = {isa = PBXBuildFile; fileRef = 2D5809BD29068A5F00B777D6 /* Colors.swift */; };
		2D5809CB29068A5F00B777D6 /* ContentView.swift in Sources */ = {isa = PBXBuildFile; fileRef = 2D5809BE29068A5F00B777D6 /* ContentView.swift */; };
		2D5809CC29068A5F00B777D6 /* Model.xcdatamodeld in Sources */ = {isa = PBXBuildFile; fileRef = 2D5809BF29068A5F00B777D6 /* Model.xcdatamodeld */; };
		2D5809CD29068A5F00B777D6 /* Priority_TrackerApp.swift in Sources */ = {isa = PBXBuildFile; fileRef = 2D5809C129068A5F00B777D6 /* Priority_TrackerApp.swift */; };
		2D5809CE29068A5F00B777D6 /* Task.swift in Sources */ = {isa = PBXBuildFile; fileRef = 2D5809C229068A5F00B777D6 /* Task.swift */; };
		2D5809CF29068A5F00B777D6 /* Preview Content in Resources */ = {isa = PBXBuildFile; fileRef = 2D5809C329068A5F00B777D6 /* Preview Content */; };
		2D5809D029068A5F00B777D6 /* FontStyles.swift in Sources */ = {isa = PBXBuildFile; fileRef = 2D5809C429068A5F00B777D6 /* FontStyles.swift */; };
		2D5809D129068A5F00B777D6 /* TaskHomeView.swift in Sources */ = {isa = PBXBuildFile; fileRef = 2D5809C529068A5F00B777D6 /* TaskHomeView.swift */; };
		2D5809D229068A5F00B777D6 /* TaskView.swift in Sources */ = {isa = PBXBuildFile; fileRef = 2D5809C629068A5F00B777D6 /* TaskView.swift */; };
		2D5809D429068A5F00B777D6 /* Assets.xcassets in Resources */ = {isa = PBXBuildFile; fileRef = 2D5809C829068A5F00B777D6 /* Assets.xcassets */; };
		2D5809D829068C7C00B777D6 /* SF-Pro-Display-Heavy.otf in Resources */ = {isa = PBXBuildFile; fileRef = 2D5809D729068C7C00B777D6 /* SF-Pro-Display-Heavy.otf */; };
		2D5809DA29068C8C00B777D6 /* SF-Pro-Text-Light.otf in Resources */ = {isa = PBXBuildFile; fileRef = 2D5809D929068C8C00B777D6 /* SF-Pro-Text-Light.otf */; };
		2D5809DC29068C9900B777D6 /* SF-Pro-Text-Thin.otf in Resources */ = {isa = PBXBuildFile; fileRef = 2D5809DB29068C9900B777D6 /* SF-Pro-Text-Thin.otf */; };
		2DCC3BF5291F7C33006AF187 /* ToggleCheckmark.swift in Sources */ = {isa = PBXBuildFile; fileRef = 2DCC3BF4291F7C33006AF187 /* ToggleCheckmark.swift */; };
		2DCC3BF9291F97DC006AF187 /* TaskStore.swift in Sources */ = {isa = PBXBuildFile; fileRef = 2DCC3BF8291F97DC006AF187 /* TaskStore.swift */; };
		2DCE8F1E29088DD600576682 /* SwitchTaskCompletion.swift in Sources */ = {isa = PBXBuildFile; fileRef = 2DCE8F1D29088DD600576682 /* SwitchTaskCompletion.swift */; };
/* End PBXBuildFile section */

/* Begin PBXContainerItemProxy section */
		2D5809A029068A3500B777D6 /* PBXContainerItemProxy */ = {
			isa = PBXContainerItemProxy;
			containerPortal = 2D58098729068A3400B777D6 /* Project object */;
			proxyType = 1;
			remoteGlobalIDString = 2D58098E29068A3400B777D6;
			remoteInfo = Priority_Tracker;
		};
		2D5809AA29068A3500B777D6 /* PBXContainerItemProxy */ = {
			isa = PBXContainerItemProxy;
			containerPortal = 2D58098729068A3400B777D6 /* Project object */;
			proxyType = 1;
			remoteGlobalIDString = 2D58098E29068A3400B777D6;
			remoteInfo = Priority_Tracker;
		};
/* End PBXContainerItemProxy section */

/* Begin PBXFileReference section */
		2D58098F29068A3400B777D6 /* Priority_Tracker.app */ = {isa = PBXFileReference; explicitFileType = wrapper.application; includeInIndex = 0; path = Priority_Tracker.app; sourceTree = BUILT_PRODUCTS_DIR; };
		2D58099F29068A3500B777D6 /* Priority_TrackerTests.xctest */ = {isa = PBXFileReference; explicitFileType = wrapper.cfbundle; includeInIndex = 0; path = Priority_TrackerTests.xctest; sourceTree = BUILT_PRODUCTS_DIR; };
		2D5809A329068A3500B777D6 /* Priority_TrackerTests.swift */ = {isa = PBXFileReference; lastKnownFileType = sourcecode.swift; path = Priority_TrackerTests.swift; sourceTree = "<group>"; };
		2D5809A929068A3500B777D6 /* Priority_TrackerUITests.xctest */ = {isa = PBXFileReference; explicitFileType = wrapper.cfbundle; includeInIndex = 0; path = Priority_TrackerUITests.xctest; sourceTree = BUILT_PRODUCTS_DIR; };
		2D5809AD29068A3500B777D6 /* Priority_TrackerUITests.swift */ = {isa = PBXFileReference; lastKnownFileType = sourcecode.swift; path = Priority_TrackerUITests.swift; sourceTree = "<group>"; };
		2D5809AF29068A3500B777D6 /* Priority_TrackerUITestsLaunchTests.swift */ = {isa = PBXFileReference; lastKnownFileType = sourcecode.swift; path = Priority_TrackerUITestsLaunchTests.swift; sourceTree = "<group>"; };
		2D5809BC29068A5F00B777D6 /* TextEditorWithPlaceholder.swift */ = {isa = PBXFileReference; fileEncoding = 4; lastKnownFileType = sourcecode.swift; path = TextEditorWithPlaceholder.swift; sourceTree = "<group>"; };
		2D5809BD29068A5F00B777D6 /* Colors.swift */ = {isa = PBXFileReference; fileEncoding = 4; lastKnownFileType = sourcecode.swift; path = Colors.swift; sourceTree = "<group>"; };
		2D5809BE29068A5F00B777D6 /* ContentView.swift */ = {isa = PBXFileReference; fileEncoding = 4; lastKnownFileType = sourcecode.swift; path = ContentView.swift; sourceTree = "<group>"; };
		2D5809C029068A5F00B777D6 /* Model.xcdatamodel */ = {isa = PBXFileReference; lastKnownFileType = wrapper.xcdatamodel; path = Model.xcdatamodel; sourceTree = "<group>"; };
		2D5809C129068A5F00B777D6 /* Priority_TrackerApp.swift */ = {isa = PBXFileReference; fileEncoding = 4; lastKnownFileType = sourcecode.swift; path = Priority_TrackerApp.swift; sourceTree = "<group>"; };
		2D5809C229068A5F00B777D6 /* Task.swift */ = {isa = PBXFileReference; fileEncoding = 4; lastKnownFileType = sourcecode.swift; path = Task.swift; sourceTree = "<group>"; };
		2D5809C329068A5F00B777D6 /* Preview Content */ = {isa = PBXFileReference; lastKnownFileType = folder; path = "Preview Content"; sourceTree = "<group>"; };
		2D5809C429068A5F00B777D6 /* FontStyles.swift */ = {isa = PBXFileReference; fileEncoding = 4; lastKnownFileType = sourcecode.swift; path = FontStyles.swift; sourceTree = "<group>"; };
		2D5809C529068A5F00B777D6 /* TaskHomeView.swift */ = {isa = PBXFileReference; fileEncoding = 4; lastKnownFileType = sourcecode.swift; path = TaskHomeView.swift; sourceTree = "<group>"; };
		2D5809C629068A5F00B777D6 /* TaskView.swift */ = {isa = PBXFileReference; fileEncoding = 4; lastKnownFileType = sourcecode.swift; path = TaskView.swift; sourceTree = "<group>"; };
		2D5809C829068A5F00B777D6 /* Assets.xcassets */ = {isa = PBXFileReference; lastKnownFileType = folder.assetcatalog; path = Assets.xcassets; sourceTree = "<group>"; };
		2D5809D529068A7100B777D6 /* Priority-Tracker-Info.plist */ = {isa = PBXFileReference; lastKnownFileType = text.plist; path = "Priority-Tracker-Info.plist"; sourceTree = SOURCE_ROOT; };
		2D5809D729068C7C00B777D6 /* SF-Pro-Display-Heavy.otf */ = {isa = PBXFileReference; lastKnownFileType = file; path = "SF-Pro-Display-Heavy.otf"; sourceTree = "<group>"; };
		2D5809D929068C8C00B777D6 /* SF-Pro-Text-Light.otf */ = {isa = PBXFileReference; lastKnownFileType = file; path = "SF-Pro-Text-Light.otf"; sourceTree = "<group>"; };
		2D5809DB29068C9900B777D6 /* SF-Pro-Text-Thin.otf */ = {isa = PBXFileReference; lastKnownFileType = file; path = "SF-Pro-Text-Thin.otf"; sourceTree = "<group>"; };
		2DCC3BF4291F7C33006AF187 /* ToggleCheckmark.swift */ = {isa = PBXFileReference; lastKnownFileType = sourcecode.swift; path = ToggleCheckmark.swift; sourceTree = "<group>"; };
		2DCC3BF8291F97DC006AF187 /* TaskStore.swift */ = {isa = PBXFileReference; lastKnownFileType = sourcecode.swift; path = TaskStore.swift; sourceTree = "<group>"; };
		2DCE8F1D29088DD600576682 /* SwitchTaskCompletion.swift */ = {isa = PBXFileReference; lastKnownFileType = sourcecode.swift; path = SwitchTaskCompletion.swift; sourceTree = "<group>"; };
/* End PBXFileReference section */

/* Begin PBXFrameworksBuildPhase section */
		2D58098C29068A3400B777D6 /* Frameworks */ = {
			isa = PBXFrameworksBuildPhase;
			buildActionMask = 2147483647;
			files = (
			);
			runOnlyForDeploymentPostprocessing = 0;
		};
		2D58099C29068A3500B777D6 /* Frameworks */ = {
			isa = PBXFrameworksBuildPhase;
			buildActionMask = 2147483647;
			files = (
			);
			runOnlyForDeploymentPostprocessing = 0;
		};
		2D5809A629068A3500B777D6 /* Frameworks */ = {
			isa = PBXFrameworksBuildPhase;
			buildActionMask = 2147483647;
			files = (
			);
			runOnlyForDeploymentPostprocessing = 0;
		};
/* End PBXFrameworksBuildPhase section */

/* Begin PBXGroup section */
		2D58098629068A3400B777D6 = {
			isa = PBXGroup;
			children = (
				2D58099129068A3400B777D6 /* Priority_Tracker */,
				2D5809A229068A3500B777D6 /* Priority_TrackerTests */,
				2D5809AC29068A3500B777D6 /* Priority_TrackerUITests */,
				2D58099029068A3400B777D6 /* Products */,
			);
			sourceTree = "<group>";
		};
		2D58099029068A3400B777D6 /* Products */ = {
			isa = PBXGroup;
			children = (
				2D58098F29068A3400B777D6 /* Priority_Tracker.app */,
				2D58099F29068A3500B777D6 /* Priority_TrackerTests.xctest */,
				2D5809A929068A3500B777D6 /* Priority_TrackerUITests.xctest */,
			);
			name = Products;
			sourceTree = "<group>";
		};
		2D58099129068A3400B777D6 /* Priority_Tracker */ = {
			isa = PBXGroup;
			children = (
				2D5809D529068A7100B777D6 /* Priority-Tracker-Info.plist */,
				2D5809D629068C6500B777D6 /* Fonts */,
				2D5809C829068A5F00B777D6 /* Assets.xcassets */,
				2D5809BD29068A5F00B777D6 /* Colors.swift */,
				2D5809BE29068A5F00B777D6 /* ContentView.swift */,
				2D5809C429068A5F00B777D6 /* FontStyles.swift */,
				2D5809BF29068A5F00B777D6 /* Model.xcdatamodeld */,
				2D5809C329068A5F00B777D6 /* Preview Content */,
				2D5809C129068A5F00B777D6 /* Priority_TrackerApp.swift */,
				2D5809C229068A5F00B777D6 /* Task.swift */,
				2D5809C529068A5F00B777D6 /* TaskHomeView.swift */,
				2D5809C629068A5F00B777D6 /* TaskView.swift */,
				2D5809BC29068A5F00B777D6 /* TextEditorWithPlaceholder.swift */,
				2DCE8F1D29088DD600576682 /* SwitchTaskCompletion.swift */,
				2DCC3BF4291F7C33006AF187 /* ToggleCheckmark.swift */,
				2DCC3BF8291F97DC006AF187 /* TaskStore.swift */,
			);
			path = Priority_Tracker;
			sourceTree = "<group>";
		};
		2D5809A229068A3500B777D6 /* Priority_TrackerTests */ = {
			isa = PBXGroup;
			children = (
				2D5809A329068A3500B777D6 /* Priority_TrackerTests.swift */,
			);
			path = Priority_TrackerTests;
			sourceTree = "<group>";
		};
		2D5809AC29068A3500B777D6 /* Priority_TrackerUITests */ = {
			isa = PBXGroup;
			children = (
				2D5809AD29068A3500B777D6 /* Priority_TrackerUITests.swift */,
				2D5809AF29068A3500B777D6 /* Priority_TrackerUITestsLaunchTests.swift */,
			);
			path = Priority_TrackerUITests;
			sourceTree = "<group>";
		};
		2D5809D629068C6500B777D6 /* Fonts */ = {
			isa = PBXGroup;
			children = (
				2D5809D929068C8C00B777D6 /* SF-Pro-Text-Light.otf */,
				2D5809DB29068C9900B777D6 /* SF-Pro-Text-Thin.otf */,
				2D5809D729068C7C00B777D6 /* SF-Pro-Display-Heavy.otf */,
			);
			path = Fonts;
			sourceTree = "<group>";
		};
/* End PBXGroup section */

/* Begin PBXNativeTarget section */
		2D58098E29068A3400B777D6 /* Priority_Tracker */ = {
			isa = PBXNativeTarget;
			buildConfigurationList = 2D5809B329068A3500B777D6 /* Build configuration list for PBXNativeTarget "Priority_Tracker" */;
			buildPhases = (
				2D58098B29068A3400B777D6 /* Sources */,
				2D58098C29068A3400B777D6 /* Frameworks */,
				2D58098D29068A3400B777D6 /* Resources */,
			);
			buildRules = (
			);
			dependencies = (
			);
			name = Priority_Tracker;
			productName = Priority_Tracker;
			productReference = 2D58098F29068A3400B777D6 /* Priority_Tracker.app */;
			productType = "com.apple.product-type.application";
		};
		2D58099E29068A3500B777D6 /* Priority_TrackerTests */ = {
			isa = PBXNativeTarget;
			buildConfigurationList = 2D5809B629068A3500B777D6 /* Build configuration list for PBXNativeTarget "Priority_TrackerTests" */;
			buildPhases = (
				2D58099B29068A3500B777D6 /* Sources */,
				2D58099C29068A3500B777D6 /* Frameworks */,
				2D58099D29068A3500B777D6 /* Resources */,
			);
			buildRules = (
			);
			dependencies = (
				2D5809A129068A3500B777D6 /* PBXTargetDependency */,
			);
			name = Priority_TrackerTests;
			productName = Priority_TrackerTests;
			productReference = 2D58099F29068A3500B777D6 /* Priority_TrackerTests.xctest */;
			productType = "com.apple.product-type.bundle.unit-test";
		};
		2D5809A829068A3500B777D6 /* Priority_TrackerUITests */ = {
			isa = PBXNativeTarget;
			buildConfigurationList = 2D5809B929068A3500B777D6 /* Build configuration list for PBXNativeTarget "Priority_TrackerUITests" */;
			buildPhases = (
				2D5809A529068A3500B777D6 /* Sources */,
				2D5809A629068A3500B777D6 /* Frameworks */,
				2D5809A729068A3500B777D6 /* Resources */,
			);
			buildRules = (
			);
			dependencies = (
				2D5809AB29068A3500B777D6 /* PBXTargetDependency */,
			);
			name = Priority_TrackerUITests;
			productName = Priority_TrackerUITests;
			productReference = 2D5809A929068A3500B777D6 /* Priority_TrackerUITests.xctest */;
			productType = "com.apple.product-type.bundle.ui-testing";
		};
/* End PBXNativeTarget section */

/* Begin PBXProject section */
		2D58098729068A3400B777D6 /* Project object */ = {
			isa = PBXProject;
			attributes = {
				BuildIndependentTargetsInParallel = 1;
				LastSwiftUpdateCheck = 1400;
				LastUpgradeCheck = 1400;
				TargetAttributes = {
					2D58098E29068A3400B777D6 = {
						CreatedOnToolsVersion = 14.0.1;
						LastSwiftMigration = 1400;
					};
					2D58099E29068A3500B777D6 = {
						CreatedOnToolsVersion = 14.0.1;
						TestTargetID = 2D58098E29068A3400B777D6;
					};
					2D5809A829068A3500B777D6 = {
						CreatedOnToolsVersion = 14.0.1;
						TestTargetID = 2D58098E29068A3400B777D6;
					};
				};
			};
			buildConfigurationList = 2D58098A29068A3400B777D6 /* Build configuration list for PBXProject "Priority_Tracker" */;
			compatibilityVersion = "Xcode 14.0";
			developmentRegion = en;
			hasScannedForEncodings = 0;
			knownRegions = (
				en,
				Base,
			);
			mainGroup = 2D58098629068A3400B777D6;
			productRefGroup = 2D58099029068A3400B777D6 /* Products */;
			projectDirPath = "";
			projectRoot = "";
			targets = (
				2D58098E29068A3400B777D6 /* Priority_Tracker */,
				2D58099E29068A3500B777D6 /* Priority_TrackerTests */,
				2D5809A829068A3500B777D6 /* Priority_TrackerUITests */,
			);
		};
/* End PBXProject section */

/* Begin PBXResourcesBuildPhase section */
		2D58098D29068A3400B777D6 /* Resources */ = {
			isa = PBXResourcesBuildPhase;
			buildActionMask = 2147483647;
			files = (
				2D5809CF29068A5F00B777D6 /* Preview Content in Resources */,
				2D5809DC29068C9900B777D6 /* SF-Pro-Text-Thin.otf in Resources */,
				2D5809D429068A5F00B777D6 /* Assets.xcassets in Resources */,
				2D5809DA29068C8C00B777D6 /* SF-Pro-Text-Light.otf in Resources */,
				2D5809D829068C7C00B777D6 /* SF-Pro-Display-Heavy.otf in Resources */,
			);
			runOnlyForDeploymentPostprocessing = 0;
		};
		2D58099D29068A3500B777D6 /* Resources */ = {
			isa = PBXResourcesBuildPhase;
			buildActionMask = 2147483647;
			files = (
			);
			runOnlyForDeploymentPostprocessing = 0;
		};
		2D5809A729068A3500B777D6 /* Resources */ = {
			isa = PBXResourcesBuildPhase;
			buildActionMask = 2147483647;
			files = (
			);
			runOnlyForDeploymentPostprocessing = 0;
		};
/* End PBXResourcesBuildPhase section */

/* Begin PBXSourcesBuildPhase section */
		2D58098B29068A3400B777D6 /* Sources */ = {
			isa = PBXSourcesBuildPhase;
			buildActionMask = 2147483647;
			files = (
				2DCE8F1E29088DD600576682 /* SwitchTaskCompletion.swift in Sources */,
				2DCC3BF5291F7C33006AF187 /* ToggleCheckmark.swift in Sources */,
				2DCC3BF9291F97DC006AF187 /* TaskStore.swift in Sources */,
				2D5809D229068A5F00B777D6 /* TaskView.swift in Sources */,
				2D5809C929068A5F00B777D6 /* TextEditorWithPlaceholder.swift in Sources */,
				2D5809CA29068A5F00B777D6 /* Colors.swift in Sources */,
				2D5809D029068A5F00B777D6 /* FontStyles.swift in Sources */,
				2D5809CD29068A5F00B777D6 /* Priority_TrackerApp.swift in Sources */,
				2D5809D129068A5F00B777D6 /* TaskHomeView.swift in Sources */,
				2D5809CB29068A5F00B777D6 /* ContentView.swift in Sources */,
				2D5809CE29068A5F00B777D6 /* Task.swift in Sources */,
				2D5809CC29068A5F00B777D6 /* Model.xcdatamodeld in Sources */,
			);
			runOnlyForDeploymentPostprocessing = 0;
		};
		2D58099B29068A3500B777D6 /* Sources */ = {
			isa = PBXSourcesBuildPhase;
			buildActionMask = 2147483647;
			files = (
				2D5809A429068A3500B777D6 /* Priority_TrackerTests.swift in Sources */,
			);
			runOnlyForDeploymentPostprocessing = 0;
		};
		2D5809A529068A3500B777D6 /* Sources */ = {
			isa = PBXSourcesBuildPhase;
			buildActionMask = 2147483647;
			files = (
				2D5809AE29068A3500B777D6 /* Priority_TrackerUITests.swift in Sources */,
				2D5809B029068A3500B777D6 /* Priority_TrackerUITestsLaunchTests.swift in Sources */,
			);
			runOnlyForDeploymentPostprocessing = 0;
		};
/* End PBXSourcesBuildPhase section */

/* Begin PBXTargetDependency section */
		2D5809A129068A3500B777D6 /* PBXTargetDependency */ = {
			isa = PBXTargetDependency;
			target = 2D58098E29068A3400B777D6 /* Priority_Tracker */;
			targetProxy = 2D5809A029068A3500B777D6 /* PBXContainerItemProxy */;
		};
		2D5809AB29068A3500B777D6 /* PBXTargetDependency */ = {
			isa = PBXTargetDependency;
			target = 2D58098E29068A3400B777D6 /* Priority_Tracker */;
			targetProxy = 2D5809AA29068A3500B777D6 /* PBXContainerItemProxy */;
		};
/* End PBXTargetDependency section */

/* Begin XCBuildConfiguration section */
		2D5809B129068A3500B777D6 /* Debug */ = {
			isa = XCBuildConfiguration;
			buildSettings = {
				ALWAYS_SEARCH_USER_PATHS = NO;
				CLANG_ANALYZER_NONNULL = YES;
				CLANG_ANALYZER_NUMBER_OBJECT_CONVERSION = YES_AGGRESSIVE;
				CLANG_CXX_LANGUAGE_STANDARD = "gnu++20";
				CLANG_ENABLE_MODULES = YES;
				CLANG_ENABLE_OBJC_ARC = YES;
				CLANG_ENABLE_OBJC_WEAK = YES;
				CLANG_WARN_BLOCK_CAPTURE_AUTORELEASING = YES;
				CLANG_WARN_BOOL_CONVERSION = YES;
				CLANG_WARN_COMMA = YES;
				CLANG_WARN_CONSTANT_CONVERSION = YES;
				CLANG_WARN_DEPRECATED_OBJC_IMPLEMENTATIONS = YES;
				CLANG_WARN_DIRECT_OBJC_ISA_USAGE = YES_ERROR;
				CLANG_WARN_DOCUMENTATION_COMMENTS = YES;
				CLANG_WARN_EMPTY_BODY = YES;
				CLANG_WARN_ENUM_CONVERSION = YES;
				CLANG_WARN_INFINITE_RECURSION = YES;
				CLANG_WARN_INT_CONVERSION = YES;
				CLANG_WARN_NON_LITERAL_NULL_CONVERSION = YES;
				CLANG_WARN_OBJC_IMPLICIT_RETAIN_SELF = YES;
				CLANG_WARN_OBJC_LITERAL_CONVERSION = YES;
				CLANG_WARN_OBJC_ROOT_CLASS = YES_ERROR;
				CLANG_WARN_QUOTED_INCLUDE_IN_FRAMEWORK_HEADER = YES;
				CLANG_WARN_RANGE_LOOP_ANALYSIS = YES;
				CLANG_WARN_STRICT_PROTOTYPES = YES;
				CLANG_WARN_SUSPICIOUS_MOVE = YES;
				CLANG_WARN_UNGUARDED_AVAILABILITY = YES_AGGRESSIVE;
				CLANG_WARN_UNREACHABLE_CODE = YES;
				CLANG_WARN__DUPLICATE_METHOD_MATCH = YES;
				COPY_PHASE_STRIP = NO;
				DEBUG_INFORMATION_FORMAT = dwarf;
				ENABLE_STRICT_OBJC_MSGSEND = YES;
				ENABLE_TESTABILITY = YES;
				GCC_C_LANGUAGE_STANDARD = gnu11;
				GCC_DYNAMIC_NO_PIC = NO;
				GCC_NO_COMMON_BLOCKS = YES;
				GCC_OPTIMIZATION_LEVEL = 0;
				GCC_PREPROCESSOR_DEFINITIONS = (
					"DEBUG=1",
					"$(inherited)",
				);
				GCC_WARN_64_TO_32_BIT_CONVERSION = YES;
				GCC_WARN_ABOUT_RETURN_TYPE = YES_ERROR;
				GCC_WARN_UNDECLARED_SELECTOR = YES;
				GCC_WARN_UNINITIALIZED_AUTOS = YES_AGGRESSIVE;
				GCC_WARN_UNUSED_FUNCTION = YES;
				GCC_WARN_UNUSED_VARIABLE = YES;
				IPHONEOS_DEPLOYMENT_TARGET = 16.0;
				MTL_ENABLE_DEBUG_INFO = INCLUDE_SOURCE;
				MTL_FAST_MATH = YES;
				ONLY_ACTIVE_ARCH = YES;
				SDKROOT = iphoneos;
				SWIFT_ACTIVE_COMPILATION_CONDITIONS = DEBUG;
				SWIFT_OPTIMIZATION_LEVEL = "-Onone";
			};
			name = Debug;
		};
		2D5809B229068A3500B777D6 /* Release */ = {
			isa = XCBuildConfiguration;
			buildSettings = {
				ALWAYS_SEARCH_USER_PATHS = NO;
				CLANG_ANALYZER_NONNULL = YES;
				CLANG_ANALYZER_NUMBER_OBJECT_CONVERSION = YES_AGGRESSIVE;
				CLANG_CXX_LANGUAGE_STANDARD = "gnu++20";
				CLANG_ENABLE_MODULES = YES;
				CLANG_ENABLE_OBJC_ARC = YES;
				CLANG_ENABLE_OBJC_WEAK = YES;
				CLANG_WARN_BLOCK_CAPTURE_AUTORELEASING = YES;
				CLANG_WARN_BOOL_CONVERSION = YES;
				CLANG_WARN_COMMA = YES;
				CLANG_WARN_CONSTANT_CONVERSION = YES;
				CLANG_WARN_DEPRECATED_OBJC_IMPLEMENTATIONS = YES;
				CLANG_WARN_DIRECT_OBJC_ISA_USAGE = YES_ERROR;
				CLANG_WARN_DOCUMENTATION_COMMENTS = YES;
				CLANG_WARN_EMPTY_BODY = YES;
				CLANG_WARN_ENUM_CONVERSION = YES;
				CLANG_WARN_INFINITE_RECURSION = YES;
				CLANG_WARN_INT_CONVERSION = YES;
				CLANG_WARN_NON_LITERAL_NULL_CONVERSION = YES;
				CLANG_WARN_OBJC_IMPLICIT_RETAIN_SELF = YES;
				CLANG_WARN_OBJC_LITERAL_CONVERSION = YES;
				CLANG_WARN_OBJC_ROOT_CLASS = YES_ERROR;
				CLANG_WARN_QUOTED_INCLUDE_IN_FRAMEWORK_HEADER = YES;
				CLANG_WARN_RANGE_LOOP_ANALYSIS = YES;
				CLANG_WARN_STRICT_PROTOTYPES = YES;
				CLANG_WARN_SUSPICIOUS_MOVE = YES;
				CLANG_WARN_UNGUARDED_AVAILABILITY = YES_AGGRESSIVE;
				CLANG_WARN_UNREACHABLE_CODE = YES;
				CLANG_WARN__DUPLICATE_METHOD_MATCH = YES;
				COPY_PHASE_STRIP = NO;
				DEBUG_INFORMATION_FORMAT = "dwarf-with-dsym";
				ENABLE_NS_ASSERTIONS = NO;
				ENABLE_STRICT_OBJC_MSGSEND = YES;
				GCC_C_LANGUAGE_STANDARD = gnu11;
				GCC_NO_COMMON_BLOCKS = YES;
				GCC_WARN_64_TO_32_BIT_CONVERSION = YES;
				GCC_WARN_ABOUT_RETURN_TYPE = YES_ERROR;
				GCC_WARN_UNDECLARED_SELECTOR = YES;
				GCC_WARN_UNINITIALIZED_AUTOS = YES_AGGRESSIVE;
				GCC_WARN_UNUSED_FUNCTION = YES;
				GCC_WARN_UNUSED_VARIABLE = YES;
				IPHONEOS_DEPLOYMENT_TARGET = 16.0;
				MTL_ENABLE_DEBUG_INFO = NO;
				MTL_FAST_MATH = YES;
				SDKROOT = iphoneos;
				SWIFT_COMPILATION_MODE = wholemodule;
				SWIFT_OPTIMIZATION_LEVEL = "-O";
				VALIDATE_PRODUCT = YES;
			};
			name = Release;
		};
		2D5809B429068A3500B777D6 /* Debug */ = {
			isa = XCBuildConfiguration;
			buildSettings = {
				ASSETCATALOG_COMPILER_APPICON_NAME = AppIcon;
				ASSETCATALOG_COMPILER_GLOBAL_ACCENT_COLOR_NAME = AccentColor;
				CLANG_ENABLE_MODULES = YES;
				CODE_SIGN_STYLE = Automatic;
				CURRENT_PROJECT_VERSION = 1;
				DEVELOPMENT_ASSET_PATHS = "\"Priority_Tracker/Preview Content\"";
				DEVELOPMENT_TEAM = W34FRPKA8N;
				ENABLE_PREVIEWS = YES;
				GENERATE_INFOPLIST_FILE = YES;
				INFOPLIST_FILE = "Priority-Tracker-Info.plist";
				INFOPLIST_KEY_UIApplicationSceneManifest_Generation = YES;
				INFOPLIST_KEY_UIApplicationSupportsIndirectInputEvents = YES;
				INFOPLIST_KEY_UILaunchScreen_Generation = YES;
				INFOPLIST_KEY_UISupportedInterfaceOrientations_iPad = "UIInterfaceOrientationPortrait UIInterfaceOrientationPortraitUpsideDown UIInterfaceOrientationLandscapeLeft UIInterfaceOrientationLandscapeRight";
				INFOPLIST_KEY_UISupportedInterfaceOrientations_iPhone = "UIInterfaceOrientationPortrait UIInterfaceOrientationLandscapeLeft UIInterfaceOrientationLandscapeRight";
				LD_RUNPATH_SEARCH_PATHS = (
					"$(inherited)",
					"@executable_path/Frameworks",
				);
				MARKETING_VERSION = 1.0;
				PRODUCT_BUNDLE_IDENTIFIER = "com.steffilin.Priority-Tracker";
				PRODUCT_NAME = "$(TARGET_NAME)";
				SWIFT_EMIT_LOC_STRINGS = YES;
				SWIFT_OPTIMIZATION_LEVEL = "-Onone";
				SWIFT_VERSION = 5.0;
				TARGETED_DEVICE_FAMILY = "1,2";
			};
			name = Debug;
		};
		2D5809B529068A3500B777D6 /* Release */ = {
			isa = XCBuildConfiguration;
			buildSettings = {
				ASSETCATALOG_COMPILER_APPICON_NAME = AppIcon;
				ASSETCATALOG_COMPILER_GLOBAL_ACCENT_COLOR_NAME = AccentColor;
				CLANG_ENABLE_MODULES = YES;
				CODE_SIGN_STYLE = Automatic;
				CURRENT_PROJECT_VERSION = 1;
				DEVELOPMENT_ASSET_PATHS = "\"Priority_Tracker/Preview Content\"";
				DEVELOPMENT_TEAM = W34FRPKA8N;
				ENABLE_PREVIEWS = YES;
				GENERATE_INFOPLIST_FILE = YES;
				INFOPLIST_FILE = "Priority-Tracker-Info.plist";
				INFOPLIST_KEY_UIApplicationSceneManifest_Generation = YES;
				INFOPLIST_KEY_UIApplicationSupportsIndirectInputEvents = YES;
				INFOPLIST_KEY_UILaunchScreen_Generation = YES;
				INFOPLIST_KEY_UISupportedInterfaceOrientations_iPad = "UIInterfaceOrientationPortrait UIInterfaceOrientationPortraitUpsideDown UIInterfaceOrientationLandscapeLeft UIInterfaceOrientationLandscapeRight";
				INFOPLIST_KEY_UISupportedInterfaceOrientations_iPhone = "UIInterfaceOrientationPortrait UIInterfaceOrientationLandscapeLeft UIInterfaceOrientationLandscapeRight";
				LD_RUNPATH_SEARCH_PATHS = (
					"$(inherited)",
					"@executable_path/Frameworks",
				);
				MARKETING_VERSION = 1.0;
				PRODUCT_BUNDLE_IDENTIFIER = "com.steffilin.Priority-Tracker";
				PRODUCT_NAME = "$(TARGET_NAME)";
				SWIFT_EMIT_LOC_STRINGS = YES;
				SWIFT_VERSION = 5.0;
				TARGETED_DEVICE_FAMILY = "1,2";
			};
			name = Release;
		};
		2D5809B729068A3500B777D6 /* Debug */ = {
			isa = XCBuildConfiguration;
			buildSettings = {
				ALWAYS_EMBED_SWIFT_STANDARD_LIBRARIES = YES;
				BUNDLE_LOADER = "$(TEST_HOST)";
				CODE_SIGN_STYLE = Automatic;
				CURRENT_PROJECT_VERSION = 1;
				DEVELOPMENT_TEAM = W34FRPKA8N;
				GENERATE_INFOPLIST_FILE = YES;
				IPHONEOS_DEPLOYMENT_TARGET = 16.0;
				MARKETING_VERSION = 1.0;
				PRODUCT_BUNDLE_IDENTIFIER = "com.steffilin.Priority-TrackerTests";
				PRODUCT_NAME = "$(TARGET_NAME)";
				SWIFT_EMIT_LOC_STRINGS = NO;
				SWIFT_VERSION = 5.0;
				TARGETED_DEVICE_FAMILY = "1,2";
				TEST_HOST = "$(BUILT_PRODUCTS_DIR)/Priority_Tracker.app/$(BUNDLE_EXECUTABLE_FOLDER_PATH)/Priority_Tracker";
			};
			name = Debug;
		};
		2D5809B829068A3500B777D6 /* Release */ = {
			isa = XCBuildConfiguration;
			buildSettings = {
				ALWAYS_EMBED_SWIFT_STANDARD_LIBRARIES = YES;
				BUNDLE_LOADER = "$(TEST_HOST)";
				CODE_SIGN_STYLE = Automatic;
				CURRENT_PROJECT_VERSION = 1;
				DEVELOPMENT_TEAM = W34FRPKA8N;
				GENERATE_INFOPLIST_FILE = YES;
				IPHONEOS_DEPLOYMENT_TARGET = 16.0;
				MARKETING_VERSION = 1.0;
				PRODUCT_BUNDLE_IDENTIFIER = "com.steffilin.Priority-TrackerTests";
				PRODUCT_NAME = "$(TARGET_NAME)";
				SWIFT_EMIT_LOC_STRINGS = NO;
				SWIFT_VERSION = 5.0;
				TARGETED_DEVICE_FAMILY = "1,2";
				TEST_HOST = "$(BUILT_PRODUCTS_DIR)/Priority_Tracker.app/$(BUNDLE_EXECUTABLE_FOLDER_PATH)/Priority_Tracker";
			};
			name = Release;
		};
		2D5809BA29068A3500B777D6 /* Debug */ = {
			isa = XCBuildConfiguration;
			buildSettings = {
				ALWAYS_EMBED_SWIFT_STANDARD_LIBRARIES = YES;
				CODE_SIGN_STYLE = Automatic;
				CURRENT_PROJECT_VERSION = 1;
				DEVELOPMENT_TEAM = W34FRPKA8N;
				GENERATE_INFOPLIST_FILE = YES;
				MARKETING_VERSION = 1.0;
				PRODUCT_BUNDLE_IDENTIFIER = "com.steffilin.Priority-TrackerUITests";
				PRODUCT_NAME = "$(TARGET_NAME)";
				SWIFT_EMIT_LOC_STRINGS = NO;
				SWIFT_VERSION = 5.0;
				TARGETED_DEVICE_FAMILY = "1,2";
				TEST_TARGET_NAME = Priority_Tracker;
			};
			name = Debug;
		};
		2D5809BB29068A3500B777D6 /* Release */ = {
			isa = XCBuildConfiguration;
			buildSettings = {
				ALWAYS_EMBED_SWIFT_STANDARD_LIBRARIES = YES;
				CODE_SIGN_STYLE = Automatic;
				CURRENT_PROJECT_VERSION = 1;
				DEVELOPMENT_TEAM = W34FRPKA8N;
				GENERATE_INFOPLIST_FILE = YES;
				MARKETING_VERSION = 1.0;
				PRODUCT_BUNDLE_IDENTIFIER = "com.steffilin.Priority-TrackerUITests";
				PRODUCT_NAME = "$(TARGET_NAME)";
				SWIFT_EMIT_LOC_STRINGS = NO;
				SWIFT_VERSION = 5.0;
				TARGETED_DEVICE_FAMILY = "1,2";
				TEST_TARGET_NAME = Priority_Tracker;
			};
			name = Release;
		};
/* End XCBuildConfiguration section */

/* Begin XCConfigurationList section */
		2D58098A29068A3400B777D6 /* Build configuration list for PBXProject "Priority_Tracker" */ = {
			isa = XCConfigurationList;
			buildConfigurations = (
				2D5809B129068A3500B777D6 /* Debug */,
				2D5809B229068A3500B777D6 /* Release */,
			);
			defaultConfigurationIsVisible = 0;
			defaultConfigurationName = Release;
		};
		2D5809B329068A3500B777D6 /* Build configuration list for PBXNativeTarget "Priority_Tracker" */ = {
			isa = XCConfigurationList;
			buildConfigurations = (
				2D5809B429068A3500B777D6 /* Debug */,
				2D5809B529068A3500B777D6 /* Release */,
			);
			defaultConfigurationIsVisible = 0;
			defaultConfigurationName = Release;
		};
		2D5809B629068A3500B777D6 /* Build configuration list for PBXNativeTarget "Priority_TrackerTests" */ = {
			isa = XCConfigurationList;
			buildConfigurations = (
				2D5809B729068A3500B777D6 /* Debug */,
				2D5809B829068A3500B777D6 /* Release */,
			);
			defaultConfigurationIsVisible = 0;
			defaultConfigurationName = Release;
		};
		2D5809B929068A3500B777D6 /* Build configuration list for PBXNativeTarget "Priority_TrackerUITests" */ = {
			isa = XCConfigurationList;
			buildConfigurations = (
				2D5809BA29068A3500B777D6 /* Debug */,
				2D5809BB29068A3500B777D6 /* Release */,
			);
			defaultConfigurationIsVisible = 0;
			defaultConfigurationName = Release;
		};
/* End XCConfigurationList section */

/* Begin XCVersionGroup section */
		2D5809BF29068A5F00B777D6 /* Model.xcdatamodeld */ = {
			isa = XCVersionGroup;
			children = (
				2D5809C029068A5F00B777D6 /* Model.xcdatamodel */,
			);
			currentVersion = 2D5809C029068A5F00B777D6 /* Model.xcdatamodel */;
			path = Model.xcdatamodeld;
			sourceTree = "<group>";
			versionGroupType = wrapper.xcdatamodel;
		};
/* End XCVersionGroup section */
	};
	rootObject = 2D58098729068A3400B777D6 /* Project object */;
}
